
Microsoft Visual Studio Solution File, Format Version 12.00
# Visual Studio Version 16
VisualStudioVersion = 16.0.31129.286
MinimumVisualStudioVersion = 10.0.40219.1
Project("{8BC9CEB8-8B4A-11D0-8D11-00A0C91BC942}") = "find duplicate in array of n+1", "find duplicate in array of n+1\find duplicate in array of n+1.vcxproj", "{30284E4D-4F78-4DD8-9E74-CB7FB42D9434}"
EndProject
Global
	GlobalSection(SolutionConfigurationPlatforms) = preSolution
		Debug|x64 = Debug|x64
		Debug|x86 = Debug|x86
		Release|x64 = Release|x64
		Release|x86 = Release|x86
	EndGlobalSection
	GlobalSection(ProjectConfigurationPlatforms) = postSolution
		{30284E4D-4F78-4DD8-9E74-CB7FB42D9434}.Debug|x64.ActiveCfg = Debug|x64
		{30284E4D-4F78-4DD8-9E74-CB7FB42D9434}.Debug|x64.Build.0 = Debug|x64
		{30284E4D-4F78-4DD8-9E74-CB7FB42D9434}.Debug|x86.ActiveCfg = Debug|Win32
		{30284E4D-4F78-4DD8-9E74-CB7FB42D9434}.Debug|x86.Build.0 = Debug|Win32
		{30284E4D-4F78-4DD8-9E74-CB7FB42D9434}.Release|x64.ActiveCfg = Release|x64
		{30284E4D-4F78-4DD8-9E74-CB7FB42D9434}.Release|x64.Build.0 = Release|x64
		{30284E4D-4F78-4DD8-9E74-CB7FB42D9434}.Release|x86.ActiveCfg = Release|Win32
		{30284E4D-4F78-4DD8-9E74-CB7FB42D9434}.Release|x86.Build.0 = Release|Win32
	EndGlobalSection
	GlobalSection(SolutionProperties) = preSolution
		HideSolutionNode = FALSE
	EndGlobalSection
	GlobalSection(ExtensibilityGlobals) = postSolution
		SolutionGuid = {492E1CC3-350B-481D-BD5D-3BD92F0897C7}
	EndGlobalSection
EndGlobal
